
Microsoft Visual Studio Solution File, Format Version 12.00
# Visual Studio Version 16
VisualStudioVersion = 16.0.29326.143
MinimumVisualStudioVersion = 10.0.40219.1
Project("{FAE04EC0-301F-11D3-BF4B-00C04F79EFBC}") = "Example3", "Example3\Example3.csproj", "{66069158-02CB-4070-BB2C-6F2183269B76}"
EndProject
Global
	GlobalSection(SolutionConfigurationPlatforms) = preSolution
		Debug|Any CPU = Debug|Any CPU
		Release|Any CPU = Release|Any CPU
	EndGlobalSection
	GlobalSection(ProjectConfigurationPlatforms) = postSolution
		{66069158-02CB-4070-BB2C-6F2183269B76}.Debug|Any CPU.ActiveCfg = Debug|Any CPU
		{66069158-02CB-4070-BB2C-6F2183269B76}.Debug|Any CPU.Build.0 = Debug|Any CPU
		{66069158-02CB-4070-BB2C-6F2183269B76}.Release|Any CPU.ActiveCfg = Release|Any CPU
		{66069158-02CB-4070-BB2C-6F2183269B76}.Release|Any CPU.Build.0 = Release|Any CPU
	EndGlobalSection
	GlobalSection(SolutionProperties) = preSolution
		HideSolutionNode = FALSE
	EndGlobalSection
	GlobalSection(ExtensibilityGlobals) = postSolution
		SolutionGuid = {119F24FD-FBB5-4E35-81F7-6964D21340A5}
	EndGlobalSection
EndGlobal
